
Microsoft Visual Studio Solution File, Format Version 12.00
# Visual Studio Version 17
VisualStudioVersion = 17.3.32929.385
MinimumVisualStudioVersion = 10.0.40219.1
Project("{FAE04EC0-301F-11D3-BF4B-00C04F79EFBC}") = "Walto", "Walto\Walto.csproj", "{74D11161-1134-44F8-9401-E72C63C99779}"
EndProject
Global
	GlobalSection(SolutionConfigurationPlatforms) = preSolution
		Debug|Any CPU = Debug|Any CPU
		Release|Any CPU = Release|Any CPU
	EndGlobalSection
	GlobalSection(ProjectConfigurationPlatforms) = postSolution
		{74D11161-1134-44F8-9401-E72C63C99779}.Debug|Any CPU.ActiveCfg = Debug|Any CPU
		{74D11161-1134-44F8-9401-E72C63C99779}.Debug|Any CPU.Build.0 = Debug|Any CPU
		{74D11161-1134-44F8-9401-E72C63C99779}.Release|Any CPU.ActiveCfg = Release|Any CPU
		{74D11161-1134-44F8-9401-E72C63C99779}.Release|Any CPU.Build.0 = Release|Any CPU
	EndGlobalSection
	GlobalSection(SolutionProperties) = preSolution
		HideSolutionNode = FALSE
	EndGlobalSection
	GlobalSection(ExtensibilityGlobals) = postSolution
		SolutionGuid = {A30173E5-778E-48DC-B81A-3EFC5A267D9F}
	EndGlobalSection
EndGlobal
